
Microsoft Visual Studio Solution File, Format Version 12.00
# Visual Studio Version 16
VisualStudioVersion = 16.0.31205.134
MinimumVisualStudioVersion = 10.0.40219.1
Project("{9A19103F-16F7-4668-BE54-9A1E7A4F7556}") = "MVCWebApplication", "..\MVCWebApplication\MVCWebApplication.csproj", "{0CB692DC-E1DB-4BED-B801-06E14627E498}"
EndProject
Project("{9A19103F-16F7-4668-BE54-9A1E7A4F7556}") = "WebAPI", "..\WebAPI\WebAPI.csproj", "{447E0D64-61CB-4168-9BD2-D66E6C1BF281}"
EndProject
Project("{FAE04EC0-301F-11D3-BF4B-00C04F79EFBC}") = "DecimalToBinary", "DecimalToBinary\DecimalToBinary.csproj", "{DF6C255E-42FC-4886-8A8D-9C3A2A774F2D}"
EndProject
Global
	GlobalSection(SolutionConfigurationPlatforms) = preSolution
		Debug|Any CPU = Debug|Any CPU
		Release|Any CPU = Release|Any CPU
	EndGlobalSection
	GlobalSection(ProjectConfigurationPlatforms) = postSolution
		{0CB692DC-E1DB-4BED-B801-06E14627E498}.Debug|Any CPU.ActiveCfg = Debug|Any CPU
		{0CB692DC-E1DB-4BED-B801-06E14627E498}.Debug|Any CPU.Build.0 = Debug|Any CPU
		{0CB692DC-E1DB-4BED-B801-06E14627E498}.Release|Any CPU.ActiveCfg = Release|Any CPU
		{0CB692DC-E1DB-4BED-B801-06E14627E498}.Release|Any CPU.Build.0 = Release|Any CPU
		{447E0D64-61CB-4168-9BD2-D66E6C1BF281}.Debug|Any CPU.ActiveCfg = Debug|Any CPU
		{447E0D64-61CB-4168-9BD2-D66E6C1BF281}.Debug|Any CPU.Build.0 = Debug|Any CPU
		{447E0D64-61CB-4168-9BD2-D66E6C1BF281}.Release|Any CPU.ActiveCfg = Release|Any CPU
		{447E0D64-61CB-4168-9BD2-D66E6C1BF281}.Release|Any CPU.Build.0 = Release|Any CPU
		{DF6C255E-42FC-4886-8A8D-9C3A2A774F2D}.Debug|Any CPU.ActiveCfg = Debug|Any CPU
		{DF6C255E-42FC-4886-8A8D-9C3A2A774F2D}.Debug|Any CPU.Build.0 = Debug|Any CPU
		{DF6C255E-42FC-4886-8A8D-9C3A2A774F2D}.Release|Any CPU.ActiveCfg = Release|Any CPU
		{DF6C255E-42FC-4886-8A8D-9C3A2A774F2D}.Release|Any CPU.Build.0 = Release|Any CPU
	EndGlobalSection
	GlobalSection(SolutionProperties) = preSolution
		HideSolutionNode = FALSE
	EndGlobalSection
	GlobalSection(ExtensibilityGlobals) = postSolution
		SolutionGuid = {69AD00C7-9281-40A4-B786-D1115C966623}
	EndGlobalSection
EndGlobal
